
Microsoft Visual Studio Solution File, Format Version 12.00
# Visual Studio Version 17
VisualStudioVersion = 17.5.002.0
MinimumVisualStudioVersion = 10.0.40219.1
Project("{9A19103F-16F7-4668-BE54-9A1E7A4F7556}") = "az204svcbus_receiver", "az204svcbus_receiver.csproj", "{474CF774-2D47-475E-8E24-CECE293BA534}"
EndProject
Global
	GlobalSection(SolutionConfigurationPlatforms) = preSolution
		Debug|Any CPU = Debug|Any CPU
		Release|Any CPU = Release|Any CPU
	EndGlobalSection
	GlobalSection(ProjectConfigurationPlatforms) = postSolution
		{474CF774-2D47-475E-8E24-CECE293BA534}.Debug|Any CPU.ActiveCfg = Debug|Any CPU
		{474CF774-2D47-475E-8E24-CECE293BA534}.Debug|Any CPU.Build.0 = Debug|Any CPU
		{474CF774-2D47-475E-8E24-CECE293BA534}.Release|Any CPU.ActiveCfg = Release|Any CPU
		{474CF774-2D47-475E-8E24-CECE293BA534}.Release|Any CPU.Build.0 = Release|Any CPU
	EndGlobalSection
	GlobalSection(SolutionProperties) = preSolution
		HideSolutionNode = FALSE
	EndGlobalSection
	GlobalSection(ExtensibilityGlobals) = postSolution
		SolutionGuid = {35769B3F-D550-45E9-B837-E6091F37C0ED}
	EndGlobalSection
EndGlobal
